{
  "name": "perfect-pitch-trainer",
  "version": "0.1.0",
  "lockfileVersion": 1,
  "requires": true,
  "dependencies": {
    "@types/dygraphs": {
      "version": "1.1.11",
      "resolved": "https://registry.npmjs.org/@types/dygraphs/-/dygraphs-1.1.11.tgz",
      "integrity": "sha512-zSRg6cdEg+JNO8R2QMywmb3ws5qYcYruZTW4jeIapjd7PXyx9Nq3PJ5m9Ht6MXVXua6pf68ivp5TZFItFbvcvQ==",
      "dev": true,
      "requires": {
        "@types/google.visualization": "*"
      }
    },
    "@types/google.visualization": {
      "version": "0.0.53",
      "resolved": "https://registry.npmjs.org/@types/google.visualization/-/google.visualization-0.0.53.tgz",
      "integrity": "sha512-K+eWwmePB7HiRgyh1VFfV4Bq/q4Nm7Ip9WMdK7NdNtvsq5amKRmRXF/j9Wvo2Ks0Px/HVn6fxL28gAsxWaQ7Eg==",
      "dev": true
    },
    "dygraphs": {
      "version": "2.1.0",
      "resolved": "https://registry.npmjs.org/dygraphs/-/dygraphs-2.1.0.tgz",
      "integrity": "sha1-L7/SyAPq0CMH3z+vjU3T71XLIHU="
    }
  }
}
